
Microsoft Visual Studio Solution File, Format Version 12.00
# Visual Studio Version 16
VisualStudioVersion = 16.0.31321.278
MinimumVisualStudioVersion = 10.0.40219.1
Project("{FAE04EC0-301F-11D3-BF4B-00C04F79EFBC}") = "HomeworkIPCalculator", "HomeworkIPCalculator.csproj", "{4D74FED2-4830-4C00-A3DC-4AD6B04667BE}"
EndProject
Global
	GlobalSection(SolutionConfigurationPlatforms) = preSolution
		Debug|Any CPU = Debug|Any CPU
		Release|Any CPU = Release|Any CPU
	EndGlobalSection
	GlobalSection(ProjectConfigurationPlatforms) = postSolution
		{4D74FED2-4830-4C00-A3DC-4AD6B04667BE}.Debug|Any CPU.ActiveCfg = Debug|Any CPU
		{4D74FED2-4830-4C00-A3DC-4AD6B04667BE}.Debug|Any CPU.Build.0 = Debug|Any CPU
		{4D74FED2-4830-4C00-A3DC-4AD6B04667BE}.Release|Any CPU.ActiveCfg = Release|Any CPU
		{4D74FED2-4830-4C00-A3DC-4AD6B04667BE}.Release|Any CPU.Build.0 = Release|Any CPU
	EndGlobalSection
	GlobalSection(SolutionProperties) = preSolution
		HideSolutionNode = FALSE
	EndGlobalSection
	GlobalSection(ExtensibilityGlobals) = postSolution
		SolutionGuid = {99926F9C-B350-4B4C-AB24-36B853C9B270}
	EndGlobalSection
EndGlobal
